
Microsoft Visual Studio Solution File, Format Version 12.00
# Visual Studio Version 16
VisualStudioVersion = 16.0.29926.136
MinimumVisualStudioVersion = 10.0.40219.1
Project("{FAE04EC0-301F-11D3-BF4B-00C04F79EFBC}") = "R6S Server Switcher", "R6S Server Switcher.csproj", "{0DA5C0B5-FDC6-460A-AEF9-EB58F2C417D1}"
EndProject
Global
	GlobalSection(SolutionConfigurationPlatforms) = preSolution
		Debug|Any CPU = Debug|Any CPU
		Release|Any CPU = Release|Any CPU
	EndGlobalSection
	GlobalSection(ProjectConfigurationPlatforms) = postSolution
		{0DA5C0B5-FDC6-460A-AEF9-EB58F2C417D1}.Debug|Any CPU.ActiveCfg = Debug|Any CPU
		{0DA5C0B5-FDC6-460A-AEF9-EB58F2C417D1}.Debug|Any CPU.Build.0 = Debug|Any CPU
		{0DA5C0B5-FDC6-460A-AEF9-EB58F2C417D1}.Release|Any CPU.ActiveCfg = Release|Any CPU
		{0DA5C0B5-FDC6-460A-AEF9-EB58F2C417D1}.Release|Any CPU.Build.0 = Release|Any CPU
	EndGlobalSection
	GlobalSection(SolutionProperties) = preSolution
		HideSolutionNode = FALSE
	EndGlobalSection
	GlobalSection(ExtensibilityGlobals) = postSolution
		SolutionGuid = {57A64722-516C-4BD8-8FD2-DF8CA4009564}
	EndGlobalSection
EndGlobal
